
Microsoft Visual Studio Solution File, Format Version 12.00
# Visual Studio Version 16
VisualStudioVersion = 16.0.30309.148
MinimumVisualStudioVersion = 10.0.40219.1
Project("{FAE04EC0-301F-11D3-BF4B-00C04F79EFBC}") = "nexos.api", "nexos.api\nexos.api.csproj", "{1B3D0A33-D215-4CDE-A682-5EE8DEB52D14}"
EndProject
Project("{FAE04EC0-301F-11D3-BF4B-00C04F79EFBC}") = "Nexos.BusinessRules", "Nexos.BusinessRules\Nexos.BusinessRules.csproj", "{8AE5B7D8-36BC-4D7B-A2B3-426D622428A0}"
EndProject
Project("{FAE04EC0-301F-11D3-BF4B-00C04F79EFBC}") = "Nexos.Entities", "Nexos.Entities\Nexos.Entities.csproj", "{46711C4E-3E57-42F1-9EC0-F3920738A873}"
EndProject
Project("{FAE04EC0-301F-11D3-BF4B-00C04F79EFBC}") = "Nexos.Repositories", "Nexos.Repositories\Nexos.Repositories.csproj", "{64B433DA-4028-4A4D-96FA-5CD22F085E86}"
EndProject
Project("{FAE04EC0-301F-11D3-BF4B-00C04F79EFBC}") = "Nexos.Utilities", "Nexos.Utilities\Nexos.Utilities.csproj", "{2EFCADEA-37DA-4F0A-8EEA-F97995040C9D}"
EndProject
Global
	GlobalSection(SolutionConfigurationPlatforms) = preSolution
		Debug|Any CPU = Debug|Any CPU
		Release|Any CPU = Release|Any CPU
	EndGlobalSection
	GlobalSection(ProjectConfigurationPlatforms) = postSolution
		{1B3D0A33-D215-4CDE-A682-5EE8DEB52D14}.Debug|Any CPU.ActiveCfg = Debug|Any CPU
		{1B3D0A33-D215-4CDE-A682-5EE8DEB52D14}.Debug|Any CPU.Build.0 = Debug|Any CPU
		{1B3D0A33-D215-4CDE-A682-5EE8DEB52D14}.Release|Any CPU.ActiveCfg = Release|Any CPU
		{1B3D0A33-D215-4CDE-A682-5EE8DEB52D14}.Release|Any CPU.Build.0 = Release|Any CPU
		{8AE5B7D8-36BC-4D7B-A2B3-426D622428A0}.Debug|Any CPU.ActiveCfg = Debug|Any CPU
		{8AE5B7D8-36BC-4D7B-A2B3-426D622428A0}.Debug|Any CPU.Build.0 = Debug|Any CPU
		{8AE5B7D8-36BC-4D7B-A2B3-426D622428A0}.Release|Any CPU.ActiveCfg = Release|Any CPU
		{8AE5B7D8-36BC-4D7B-A2B3-426D622428A0}.Release|Any CPU.Build.0 = Release|Any CPU
		{46711C4E-3E57-42F1-9EC0-F3920738A873}.Debug|Any CPU.ActiveCfg = Debug|Any CPU
		{46711C4E-3E57-42F1-9EC0-F3920738A873}.Debug|Any CPU.Build.0 = Debug|Any CPU
		{46711C4E-3E57-42F1-9EC0-F3920738A873}.Release|Any CPU.ActiveCfg = Release|Any CPU
		{46711C4E-3E57-42F1-9EC0-F3920738A873}.Release|Any CPU.Build.0 = Release|Any CPU
		{64B433DA-4028-4A4D-96FA-5CD22F085E86}.Debug|Any CPU.ActiveCfg = Debug|Any CPU
		{64B433DA-4028-4A4D-96FA-5CD22F085E86}.Debug|Any CPU.Build.0 = Debug|Any CPU
		{64B433DA-4028-4A4D-96FA-5CD22F085E86}.Release|Any CPU.ActiveCfg = Release|Any CPU
		{64B433DA-4028-4A4D-96FA-5CD22F085E86}.Release|Any CPU.Build.0 = Release|Any CPU
		{2EFCADEA-37DA-4F0A-8EEA-F97995040C9D}.Debug|Any CPU.ActiveCfg = Debug|Any CPU
		{2EFCADEA-37DA-4F0A-8EEA-F97995040C9D}.Debug|Any CPU.Build.0 = Debug|Any CPU
		{2EFCADEA-37DA-4F0A-8EEA-F97995040C9D}.Release|Any CPU.ActiveCfg = Release|Any CPU
		{2EFCADEA-37DA-4F0A-8EEA-F97995040C9D}.Release|Any CPU.Build.0 = Release|Any CPU
	EndGlobalSection
	GlobalSection(SolutionProperties) = preSolution
		HideSolutionNode = FALSE
	EndGlobalSection
	GlobalSection(ExtensibilityGlobals) = postSolution
		SolutionGuid = {3B0F9DA9-F1B3-47AF-A9D8-7536CCE16012}
	EndGlobalSection
EndGlobal
